%{"bbmustache": {:hex, :bbmustache, "1.0.3"},
  "cache_tab": {:hex, :cache_tab, "1.0.2"},
  "eredis": {:hex, :eredis, "1.0.8"},
  "erlware_commons": {:hex, :erlware_commons, "0.15.0"},
  "esip": {:git, "https://github.com/processone/p1_sip", "3bcccd4dfe705cb90f205887f749b1c5195fcad1", [tag: "1.0.1"]},
  "exrm": {:hex, :exrm, "1.0.0-rc7"},
  "fast_yaml": {:hex, :fast_yaml, "1.0.2"},
  "getopt": {:hex, :getopt, "0.8.2"},
  "goldrush": {:hex, :goldrush, "0.1.7"},
  "jiffy": {:hex, :jiffy, "0.14.7"},
  "lager": {:hex, :lager, "3.0.2"},
  "p1_iconv": {:git, "https://github.com/processone/eiconv", "9751f86baa5a60ed1420490793e7514a0757462a", [tag: "0.9.0"]},
  "p1_mysql": {:git, "https://github.com/processone/mysql", "064948ad3c77e582d85cbc09ccd11016ae97de0e", [tag: "1.0.0"]},
  "p1_oauth2": {:hex, :p1_oauth2, "0.6.1"},
  "p1_pgsql": {:git, "https://github.com/processone/pgsql", "248b6903cad82c748dc7f5be75e014dd8d47a3d1", [tag: "1.0.0"]},
  "p1_stun": {:git, "https://github.com/processone/stun", "c3dc4d9ae6dbab311cc3ed1c116be71d17c6c771", [tag: "0.9.1"]},
  "p1_tls": {:git, "https://github.com/processone/tls", "f19e1f701e0a3980ffc70b3917c4aa85e68d8520", [tag: "1.0.0"]},
  "p1_utils": {:hex, :p1_utils, "1.0.3"},
  "p1_xml": {:git, "https://github.com/processone/xml", "79c6d54e56bf991f1ec70ceb5e255afcb8dbf53f", [tag: "1.1.2"]},
  "p1_xmlrpc": {:hex, :p1_xmlrpc, "1.15.1"},
  "p1_zlib": {:git, "https://github.com/processone/zlib", "e1f928e61553cf85638eaac7d024c8f68ce0ff36", [tag: "1.0.0"]},
  "providers": {:hex, :providers, "1.4.1"},
  "relx": {:hex, :relx, "3.5.0"},
  "sqlite3": {:hex, :sqlite3, "1.1.5"},
  "stringprep": {:hex, :stringprep, "1.0.2"}}
