%{
  "artificery": {:hex, :artificery, "0.4.2", "3ded6e29e13113af52811c72f414d1e88f711410cac1b619ab3a2666bbd7efd4", [:mix], [], "hexpm"},
  "base64url": {:hex, :base64url, "0.0.1", "36a90125f5948e3afd7be97662a1504b934dd5dac78451ca6e9abf85a10286be", [:rebar], [], "hexpm"},
  "cache_tab": {:hex, :cache_tab, "1.0.21", "6cf110d1884de06f48455a3bafb9fa7dd57c68398a572f49727429e0caf8393a", [:rebar3], [{:p1_utils, "1.0.17", [hex: :p1_utils, repo: "hexpm", optional: false]}], "hexpm"},
  "distillery": {:hex, :distillery, "2.1.1", "f9332afc2eec8a1a2b86f22429e068ef35f84a93ea1718265e740d90dd367814", [:mix], [{:artificery, "~> 0.2", [hex: :artificery, repo: "hexpm", optional: false]}], "hexpm"},
  "earmark": {:hex, :earmark, "1.4.3", "364ca2e9710f6bff494117dbbd53880d84bebb692dafc3a78eb50aa3183f2bfd", [:mix], [], "hexpm"},
  "eimp": {:hex, :eimp, "1.0.13", "d052f2f8fb8c6af919595e0fce256f722c15f364995c1fadfed4d044d7eb3dab", [:rebar3], [{:p1_utils, "1.0.17", [hex: :p1_utils, repo: "hexpm", optional: false]}], "hexpm"},
  "epam": {:hex, :epam, "1.0.6", "6e57e1f5a330fa02a08ee0d4b16d9161f95177351e48c6dfede2f89b7e2f589f", [:rebar3], [], "hexpm"},
  "eredis": {:hex, :eredis, "1.2.0", "0b8e9cfc2c00fa1374cd107ea63b49be08d933df2cf175e6a89b73dd9c380de4", [:rebar3], [], "hexpm"},
  "esip": {:hex, :esip, "1.0.31", "bf2a29174091908ed8375226f51a5ed23ddd832a5872e0390cef0cfac5727969", [:rebar3], [{:fast_tls, "1.1.3", [hex: :fast_tls, repo: "hexpm", optional: false]}, {:p1_utils, "1.0.17", [hex: :p1_utils, repo: "hexpm", optional: false]}, {:stun, "1.0.30", [hex: :stun, repo: "hexpm", optional: false]}], "hexpm"},
  "ex_doc": {:hex, :ex_doc, "0.21.2", "caca5bc28ed7b3bdc0b662f8afe2bee1eedb5c3cf7b322feeeb7c6ebbde089d6", [:mix], [{:earmark, "~> 1.3.3 or ~> 1.4", [hex: :earmark, repo: "hexpm", optional: false]}, {:makeup_elixir, "~> 0.14", [hex: :makeup_elixir, repo: "hexpm", optional: false]}], "hexpm"},
  "ezlib": {:hex, :ezlib, "1.0.6", "d43a3377006f91c853f65d5efd563d61bbc289f0115a311657c728f5e6e8c39f", [:rebar3], [], "hexpm"},
  "fast_tls": {:hex, :fast_tls, "1.1.3", "cc8ef8a16c16c2abe606f5f59f22ee2d76894af9d4d0d0e921285ce776a0c41a", [:rebar3], [{:p1_utils, "1.0.17", [hex: :p1_utils, repo: "hexpm", optional: false]}], "hexpm"},
  "fast_xml": {:hex, :fast_xml, "1.1.38", "88dd15dc980e840864c3976f9308768f46ecb4051437fc0f97f03e2de4287c91", [:rebar3], [{:p1_utils, "1.0.17", [hex: :p1_utils, repo: "hexpm", optional: false]}], "hexpm"},
  "fast_yaml": {:hex, :fast_yaml, "1.0.22", "99615f6bea033803ca8865b9ce4864ad451c746c17734255972b4a9cd77981fa", [:rebar3], [{:p1_utils, "1.0.17", [hex: :p1_utils, repo: "hexpm", optional: false]}], "hexpm"},
  "goldrush": {:hex, :goldrush, "0.1.9", "f06e5d5f1277da5c413e84d5a2924174182fb108dabb39d5ec548b27424cd106", [:rebar3], [], "hexpm"},
  "idna": {:hex, :idna, "6.0.0", "689c46cbcdf3524c44d5f3dde8001f364cd7608a99556d8fbd8239a5798d4c10", [:rebar3], [{:unicode_util_compat, "0.4.1", [hex: :unicode_util_compat, repo: "hexpm", optional: false]}], "hexpm"},
  "jiffy": {:hex, :jiffy, "1.0.1", "4f25639772ca41202f41ba9c8f6ca0933554283dd4742c90651e03471c55e341", [:rebar3], [], "hexpm"},
  "jose": {:hex, :jose, "1.9.0", "4167c5f6d06ffaebffd15cdb8da61a108445ef5e85ab8f5a7ad926fdf3ada154", [:mix, :rebar3], [{:base64url, "~> 0.0.1", [hex: :base64url, repo: "hexpm", optional: false]}], "hexpm"},
  "lager": {:hex, :lager, "3.6.10", "6172b43ab720ac33914ccd0aeb21fdbdf88213847707d4b91e6af57b2ae5c4d2", [:rebar3], [{:goldrush, "0.1.9", [hex: :goldrush, repo: "hexpm", optional: false]}], "hexpm"},
  "luerl": {:hex, :luerl, "0.3.1", "5412807630aac1aaf59ffe5a1bc09259c447b4faeb1d3fe2d4ef41b87676cb04", [:rebar3], [], "hexpm"},
  "makeup": {:hex, :makeup, "1.0.0", "671df94cf5a594b739ce03b0d0316aa64312cee2574b6a44becb83cd90fb05dc", [:mix], [{:nimble_parsec, "~> 0.5.0", [hex: :nimble_parsec, repo: "hexpm", optional: false]}], "hexpm"},
  "makeup_elixir": {:hex, :makeup_elixir, "0.14.0", "cf8b7c66ad1cff4c14679698d532f0b5d45a3968ffbcbfd590339cb57742f1ae", [:mix], [{:makeup, "~> 1.0", [hex: :makeup, repo: "hexpm", optional: false]}], "hexpm"},
  "mqtree": {:hex, :mqtree, "1.0.6", "9dd199ae00724dc4739c787c44da285c5849acb3abddec33cec0594be70dda1b", [:rebar3], [{:p1_utils, "1.0.17", [hex: :p1_utils, repo: "hexpm", optional: false]}], "hexpm"},
  "nimble_parsec": {:hex, :nimble_parsec, "0.5.3", "def21c10a9ed70ce22754fdeea0810dafd53c2db3219a0cd54cf5526377af1c6", [:mix], [], "hexpm"},
  "p1_acme": {:hex, :p1_acme, "1.0.3", "aaa8fd1158d73b2d7164ebef0cb27652c7af29dfd5674486026c729f17a57880", [:rebar3], [{:idna, "~>6.0.0", [hex: :idna, repo: "hexpm", optional: false]}, {:jiffy, "~>1.0.1", [hex: :jiffy, repo: "hexpm", optional: false]}, {:jose, "~>1.9.0", [hex: :jose, repo: "hexpm", optional: false]}, {:yconf, "~>1.0.2", [hex: :yconf, repo: "hexpm", optional: false]}], "hexpm"},
  "p1_mysql": {:hex, :p1_mysql, "1.0.12", "8e2043bff52aa72ac6ebdfaab909da026d559e13e9e6f1303aadf196b424abd7", [:rebar3], [], "hexpm"},
  "p1_oauth2": {:hex, :p1_oauth2, "0.6.5", "a39db41de0287d4d1af3190beaa80edf17335b20f1d0ccace6c09580e0853987", [:rebar3], [], "hexpm"},
  "p1_pgsql": {:hex, :p1_pgsql, "1.1.7", "ef64d34adbbe08258cc10b1532649446d8c086ff8663d44f430d837ec31a89f8", [:rebar3], [], "hexpm"},
  "p1_utils": {:hex, :p1_utils, "1.0.17", "563449d130b7d37426dcad38815944356b2716713a70e16abb82e3410edc2c72", [:rebar3], [], "hexpm"},
  "pkix": {:hex, :pkix, "1.0.4", "81d552f736b1cadb278069a332cc94891a1c3095eb6281b340969ee455bd6fea", [:rebar3], [], "hexpm"},
  "sqlite3": {:hex, :sqlite3, "1.1.6", "4ea71af0b45908b5f02c9b09e4c87177039ef404f20accb35049cd8924cc417c", [:rebar3], [], "hexpm"},
  "stringprep": {:hex, :stringprep, "1.0.18", "1d31ae631920ec013e6008d5cea7421912418d1b6ae177725933daaeb706084c", [:rebar3], [{:p1_utils, "1.0.17", [hex: :p1_utils, repo: "hexpm", optional: false]}], "hexpm"},
  "stun": {:hex, :stun, "1.0.30", "7e8b896d6bacc19a605919a67a3e42f831e4a3a3597cc2be102c054421c0fbbc", [:rebar3], [{:fast_tls, "1.1.3", [hex: :fast_tls, repo: "hexpm", optional: false]}, {:p1_utils, "1.0.17", [hex: :p1_utils, repo: "hexpm", optional: false]}], "hexpm"},
  "unicode_util_compat": {:hex, :unicode_util_compat, "0.4.1", "d869e4c68901dd9531385bb0c8c40444ebf624e60b6962d95952775cac5e90cd", [:rebar3], [], "hexpm"},
  "xmpp": {:hex, :xmpp, "1.4.3", "27a909907641762bde2374c80b83a53d7019e8c087ee2726f44fec5c361bd1ae", [:rebar3], [{:ezlib, "1.0.6", [hex: :ezlib, repo: "hexpm", optional: false]}, {:fast_tls, "1.1.3", [hex: :fast_tls, repo: "hexpm", optional: false]}, {:fast_xml, "1.1.38", [hex: :fast_xml, repo: "hexpm", optional: false]}, {:idna, "6.0.0", [hex: :idna, repo: "hexpm", optional: false]}, {:p1_utils, "1.0.17", [hex: :p1_utils, repo: "hexpm", optional: false]}, {:stringprep, "1.0.18", [hex: :stringprep, repo: "hexpm", optional: false]}], "hexpm"},
  "yconf": {:hex, :yconf, "1.0.2", "2863cd7bb7840a84855525bf611ed6391b8c42d9b9e09505ce90924216a8e6af", [:rebar3], [{:fast_yaml, "1.0.22", [hex: :fast_yaml, repo: "hexpm", optional: false]}], "hexpm"},
}
