{"1.2.0",
[{<<"base64url">>,{pkg,<<"base64url">>,<<"1.0.1">>},1},
 {<<"cache_tab">>,{pkg,<<"cache_tab">>,<<"1.0.33">>},0},
 {<<"eimp">>,{pkg,<<"eimp">>,<<"1.0.26">>},0},
 {<<"epam">>,{pkg,<<"epam">>,<<"1.0.14">>},0},
 {<<"eredis">>,{pkg,<<"eredis">>,<<"1.7.1">>},0},
 {<<"esip">>,{pkg,<<"esip">>,<<"1.0.59">>},0},
 {<<"ezlib">>,{pkg,<<"ezlib">>,<<"1.0.15">>},0},
 {<<"fast_tls">>,{pkg,<<"fast_tls">>,<<"1.1.25">>},0},
 {<<"fast_xml">>,{pkg,<<"fast_xml">>,<<"1.1.57">>},0},
 {<<"fast_yaml">>,{pkg,<<"fast_yaml">>,<<"1.0.39">>},0},
 {<<"idna">>,{pkg,<<"idna">>,<<"6.1.1">>},0},
 {<<"jiffy">>,{pkg,<<"jiffy">>,<<"1.1.2">>},1},
 {<<"jose">>,{pkg,<<"jose">>,<<"1.11.12">>},0},
 {<<"luerl">>,{pkg,<<"luerl">>,<<"1.2.3">>},0},
 {<<"mqtree">>,{pkg,<<"mqtree">>,<<"1.0.19">>},0},
 {<<"p1_acme">>,{pkg,<<"p1_acme">>,<<"1.0.29">>},0},
 {<<"p1_mysql">>,{pkg,<<"p1_mysql">>,<<"1.0.26">>},0},
 {<<"p1_oauth2">>,{pkg,<<"p1_oauth2">>,<<"0.6.14">>},0},
 {<<"p1_pgsql">>,{pkg,<<"p1_pgsql">>,<<"1.1.36">>},0},
 {<<"p1_utils">>,{pkg,<<"p1_utils">>,<<"1.0.28">>},0},
 {<<"pkix">>,{pkg,<<"pkix">>,<<"1.0.10">>},0},
 {<<"sqlite3">>,{pkg,<<"sqlite3">>,<<"1.1.15">>},0},
 {<<"stringprep">>,{pkg,<<"stringprep">>,<<"1.0.33">>},0},
 {<<"stun">>,{pkg,<<"stun">>,<<"1.2.21">>},0},
 {<<"unicode_util_compat">>,{pkg,<<"unicode_util_compat">>,<<"0.7.1">>},1},
 {<<"xmpp">>,
  {git,"https://github.com/processone/xmpp",
       {ref,"7285aa7802bfa90bcefafdad3a342fbb93ce7eea"}},
  0},
 {<<"yconf">>,{pkg,<<"yconf">>,<<"1.0.22">>},0}]}.
[
{pkg_hash,[
 {<<"base64url">>, <<"F8C7F2DA04CA9A5D0F5F50258F055E1D699F0E8BF4CFDB30B750865368403CF6">>},
 {<<"cache_tab">>, <<"E2542AFB34F17EE3CA19D2B0F546A074922C2B99FB6B2ACFB38160D7D0336EC3">>},
 {<<"eimp">>, <<"C0B05F32E35629C4D9BCFB832FF879A92B0F92B19844BC7835E0A45635F2899A">>},
 {<<"epam">>, <<"AA0B85D27F4EF3A756AE995179DF952A0721237E83C6B79D644347B75016681A">>},
 {<<"eredis">>, <<"39E31AA02ADCD651C657F39AAFD4D31A9B2F63C6C700DC9CECE98D4BC3C897AB">>},
 {<<"esip">>, <<"EB202F8C62928193588091DFEDBC545FE3274C34ECD209961F86DCB6C9EBCE88">>},
 {<<"ezlib">>, <<"D74F5DF191784744726A5B1AE9062522C606334F11086363385EB3B772D91357">>},
 {<<"fast_tls">>, <<"DA8ED6F05A2452121B087158B17234749F36704C1F2B74DC51DB99A1E27ED5E8">>},
 {<<"fast_xml">>, <<"31EFC0F9BCEDA92069704F7A25830407DA5DC3DAD1272B810D6F2E13E73CC11A">>},
 {<<"fast_yaml">>, <<"2E71168091949BAB0E5F583B340A99072B4D22D93EB86624E7850A12B1517BE4">>},
 {<<"idna">>, <<"8A63070E9F7D0C62EB9D9FCB360A7DE382448200FBBD1B106CC96D3D8099DF8D">>},
 {<<"jiffy">>, <<"A9B6C9A7EC268E7CF493D028F0A4C9144F59CCB878B1AFE42841597800840A1B">>},
 {<<"jose">>, <<"06E62B467B61D3726CBC19E9B5489F7549C37993DE846DFB3EE8259F9ED208B3">>},
 {<<"luerl">>, <<"DF25F41944E57A7C4D9EF09D238BC3E850276C46039CFC12B8BB42ECCF36FCB1">>},
 {<<"mqtree">>, <<"D769C25F898810725FC7DB0DBFFE5F72098647048B1BE2E6D772F1C2F31D8476">>},
 {<<"p1_acme">>, <<"86372C34DE9CE7E498842828F761060C6B7726001E2853FF118893F6DD192E24">>},
 {<<"p1_mysql">>, <<"574D07C9936C53B1EC3556DB3CF064CC14A6C39039835B3D940471BFA5AC8E2B">>},
 {<<"p1_oauth2">>, <<"1C5F82535574DE87E2059695AC4B91F8F9AEBACBC1C80287DAE6F02552D47AEA">>},
 {<<"p1_pgsql">>, <<"4BC0535F2F9A2355674DFDC9E1CFC18A722325FED588977FFF1C88C5915AE3EB">>},
 {<<"p1_utils">>, <<"9A7088A98D788B4C4880FD3C82D0C135650DB13F2E4EF7E10DB179791BC94D59">>},
 {<<"pkix">>, <<"D3BFADF7B7CFE2A3636F1B256C9CCE5F646A07CE31E57EE527668502850765A0">>},
 {<<"sqlite3">>, <<"E819DEFD280145C328457D7AF897D2E45E8E5270E18812EE30B607C99CDD21AF">>},
 {<<"stringprep">>, <<"22F42866B4F6F3C238EA2B9CB6241791184DDEDBAB55E94A025511F46325F3CA">>},
 {<<"stun">>, <<"735855314AD22CB7816B88597D2F5CA22E24AA5E4D6010A0EF3AFFB33CEED6A5">>},
 {<<"unicode_util_compat">>, <<"A48703A25C170EEDADCA83B11E88985AF08D35F37C6F664D6DCFB106A97782FC">>},
 {<<"yconf">>, <<"52A435F9B60AB1E13950DFE3F7131ECDD8B3D1CA72C44BF66FC74B4571027124">>}]},
{pkg_hash_ext,[
 {<<"base64url">>, <<"F9B3ADD4731A02A9B0410398B475B33E7566A695365237A6BDEE1BB447719F5C">>},
 {<<"cache_tab">>, <<"4258009EB050B22AABE0C848E230BBA58401A6895C58C2FF74DFB635E3C35900">>},
 {<<"eimp">>, <<"D96D4E8572B9DFC40F271E47F0CB1D8849373BC98A21223268781765ED52044C">>},
 {<<"epam">>, <<"2F3449E72885A72A6C2A843F561ADD0FC2F70D7A21F61456930A547473D4D989">>},
 {<<"eredis">>, <<"7C2B54C566FED55FEEF3341CA79B0100A6348FD3F162184B7ED5118D258C3CC1">>},
 {<<"esip">>, <<"0BDF2E3C349DC0B144F173150329E675C6A51AC473D7A0B2E362245FAAD3FBE6">>},
 {<<"ezlib">>, <<"DD14BA6C12521AF5CFE6923E73E3D545F4A0897DC66BFAB5287FBB7AE3962EAB">>},
 {<<"fast_tls">>, <<"59E183B5740E670E02B8AA6BE673B5E7779E5FE5BFCC679FE2D4993D1949A821">>},
 {<<"fast_xml">>, <<"EEC34E90ADACAFE467D5DDAB635A014DED73B98B4061554B2D1972173D929C39">>},
 {<<"fast_yaml">>, <<"24C7B9AB9E2B9269D64E45F4A2A1280966ADB17D31E63365CFD3EE277FB0A78D">>},
 {<<"idna">>, <<"92376EB7894412ED19AC475E4A86F7B413C1B9FBB5BD16DCCD57934157944CEA">>},
 {<<"jiffy">>, <<"BB61BC42A720BBD33CB09A410E48BB79A61012C74CB8B3E75F26D988485CF381">>},
 {<<"jose">>, <<"31E92B653E9210B696765CDD885437457DE1ADD2A9011D92F8CF63E4641BAB7B">>},
 {<<"luerl">>, <<"1B4B9D0CA5D7D280D1D2787A6A5EE9F5A212641B62BFF91556BAA53805DF3AED">>},
 {<<"mqtree">>, <<"C81065715C49A1882812F80A5AE2D842E80DD3F2D130530DF35990248BF8CE3C">>},
 {<<"p1_acme">>, <<"08FD38F7FBE2DC28A237AA1B38B306B73455695CC8881A3DDD6A11B7C51F7BC7">>},
 {<<"p1_mysql">>, <<"EA138083F2C54719B9CF549DBF5802A288B0019EA3E5449B354C74CC03FAFDEC">>},
 {<<"p1_oauth2">>, <<"1FD3AC474E43722D9D5A87C6DF8D36F698ED87AF7BB81CBBB66361451D99AE8F">>},
 {<<"p1_pgsql">>, <<"82BCA8B895C84F4600EB8D609A32CB5FDD72A7F5BD938DFB29179E08C643FD09">>},
 {<<"p1_utils">>, <<"C49BD44BC4A40AD996691AF826DD7E0AA56D4D0CD730817190A1F84D1A7F0033">>},
 {<<"pkix">>, <<"E02164F83094CB124C41B1AB28988A615D54B9ADC38575F00F19A597A3AC5D0E">>},
 {<<"sqlite3">>, <<"3C0BA4E13322C2AD49DE4E2DDD28311366ADDE54BEAE8DBA9D9E3888F69D2857">>},
 {<<"stringprep">>, <<"96F8B30BC50887F605B33B46BCA1D248C19A879319B8C482790E3B4DA5DA98C0">>},
 {<<"stun">>, <<"3D7FE8EFB9D05B240A6AA9A6BF8B8B7BFF2D802895D170443C588987DC1E12D9">>},
 {<<"unicode_util_compat">>, <<"B3A917854CE3AE233619744AD1E0102E05673136776FB2FA76234F3E03B23642">>},
 {<<"yconf">>, <<"ACA83457CEABE70756484B5C87BA7B1955F511D499168687EAEAA7C300E857F1">>}]}
].
