{"1.2.0",
[{<<"base64url">>,{pkg,<<"base64url">>,<<"1.0.1">>},1},
 {<<"cache_tab">>,{pkg,<<"cache_tab">>,<<"1.0.33">>},0},
 {<<"eimp">>,{pkg,<<"eimp">>,<<"1.0.26">>},0},
 {<<"epam">>,{pkg,<<"epam">>,<<"1.0.14">>},0},
 {<<"eredis">>,{pkg,<<"eredis">>,<<"1.7.1">>},0},
 {<<"esip">>,{pkg,<<"esip">>,<<"1.0.58">>},0},
 {<<"ezlib">>,{pkg,<<"ezlib">>,<<"1.0.15">>},0},
 {<<"fast_tls">>,{pkg,<<"fast_tls">>,<<"1.1.24">>},0},
 {<<"fast_xml">>,{pkg,<<"fast_xml">>,<<"1.1.57">>},0},
 {<<"fast_yaml">>,{pkg,<<"fast_yaml">>,<<"1.0.39">>},0},
 {<<"idna">>,{pkg,<<"idna">>,<<"6.1.1">>},0},
 {<<"jiffy">>,{pkg,<<"jiffy">>,<<"1.1.2">>},1},
 {<<"jose">>,{pkg,<<"jose">>,<<"1.11.10">>},0},
 {<<"luerl">>,{pkg,<<"luerl">>,<<"1.2.3">>},0},
 {<<"mqtree">>,{pkg,<<"mqtree">>,<<"1.0.19">>},0},
 {<<"p1_acme">>,{pkg,<<"p1_acme">>,<<"1.0.27">>},0},
 {<<"p1_mysql">>,{pkg,<<"p1_mysql">>,<<"1.0.26">>},0},
 {<<"p1_oauth2">>,{pkg,<<"p1_oauth2">>,<<"0.6.14">>},0},
 {<<"p1_pgsql">>,{pkg,<<"p1_pgsql">>,<<"1.1.34">>},0},
 {<<"p1_utils">>,{pkg,<<"p1_utils">>,<<"1.0.28">>},0},
 {<<"pkix">>,{pkg,<<"pkix">>,<<"1.0.10">>},0},
 {<<"sqlite3">>,{pkg,<<"sqlite3">>,<<"1.1.15">>},0},
 {<<"stringprep">>,{pkg,<<"stringprep">>,<<"1.0.33">>},0},
 {<<"stun">>,{pkg,<<"stun">>,<<"1.2.20">>},0},
 {<<"unicode_util_compat">>,{pkg,<<"unicode_util_compat">>,<<"0.7.1">>},1},
 {<<"xmpp">>,{pkg,<<"xmpp">>,<<"1.11.0">>},0},
 {<<"yconf">>,{pkg,<<"yconf">>,<<"1.0.20">>},0}]}.
[
{pkg_hash,[
 {<<"base64url">>, <<"F8C7F2DA04CA9A5D0F5F50258F055E1D699F0E8BF4CFDB30B750865368403CF6">>},
 {<<"cache_tab">>, <<"E2542AFB34F17EE3CA19D2B0F546A074922C2B99FB6B2ACFB38160D7D0336EC3">>},
 {<<"eimp">>, <<"C0B05F32E35629C4D9BCFB832FF879A92B0F92B19844BC7835E0A45635F2899A">>},
 {<<"epam">>, <<"AA0B85D27F4EF3A756AE995179DF952A0721237E83C6B79D644347B75016681A">>},
 {<<"eredis">>, <<"39E31AA02ADCD651C657F39AAFD4D31A9B2F63C6C700DC9CECE98D4BC3C897AB">>},
 {<<"esip">>, <<"96BF0C07271F86F03F42778D4A1237099BAEC0714D00B0B815EB42D0007F73B4">>},
 {<<"ezlib">>, <<"D74F5DF191784744726A5B1AE9062522C606334F11086363385EB3B772D91357">>},
 {<<"fast_tls">>, <<"5492125689E3D84C101323A0BFF3D3996B92A903832530FE4F0935ED30B1B7D1">>},
 {<<"fast_xml">>, <<"31EFC0F9BCEDA92069704F7A25830407DA5DC3DAD1272B810D6F2E13E73CC11A">>},
 {<<"fast_yaml">>, <<"2E71168091949BAB0E5F583B340A99072B4D22D93EB86624E7850A12B1517BE4">>},
 {<<"idna">>, <<"8A63070E9F7D0C62EB9D9FCB360A7DE382448200FBBD1B106CC96D3D8099DF8D">>},
 {<<"jiffy">>, <<"A9B6C9A7EC268E7CF493D028F0A4C9144F59CCB878B1AFE42841597800840A1B">>},
 {<<"jose">>, <<"A903F5227417BD2A08C8A00A0CBCC458118BE84480955E8D251297A425723F83">>},
 {<<"luerl">>, <<"DF25F41944E57A7C4D9EF09D238BC3E850276C46039CFC12B8BB42ECCF36FCB1">>},
 {<<"mqtree">>, <<"D769C25F898810725FC7DB0DBFFE5F72098647048B1BE2E6D772F1C2F31D8476">>},
 {<<"p1_acme">>, <<"43D565CF0E22DA51033AE329E773CCAD0F44C4CB9C7199D0863F522E570F2767">>},
 {<<"p1_mysql">>, <<"574D07C9936C53B1EC3556DB3CF064CC14A6C39039835B3D940471BFA5AC8E2B">>},
 {<<"p1_oauth2">>, <<"1C5F82535574DE87E2059695AC4B91F8F9AEBACBC1C80287DAE6F02552D47AEA">>},
 {<<"p1_pgsql">>, <<"D36BD0D6C9765A47D075A87AD5E3FC3BFD153BDC4C07A1217B9979F33F73E9AA">>},
 {<<"p1_utils">>, <<"9A7088A98D788B4C4880FD3C82D0C135650DB13F2E4EF7E10DB179791BC94D59">>},
 {<<"pkix">>, <<"D3BFADF7B7CFE2A3636F1B256C9CCE5F646A07CE31E57EE527668502850765A0">>},
 {<<"sqlite3">>, <<"E819DEFD280145C328457D7AF897D2E45E8E5270E18812EE30B607C99CDD21AF">>},
 {<<"stringprep">>, <<"22F42866B4F6F3C238EA2B9CB6241791184DDEDBAB55E94A025511F46325F3CA">>},
 {<<"stun">>, <<"62A149CEA122A78A104B9E064A12D9E33105B26C23168ECF3AEA6E0C26DE0748">>},
 {<<"unicode_util_compat">>, <<"A48703A25C170EEDADCA83B11E88985AF08D35F37C6F664D6DCFB106A97782FC">>},
 {<<"xmpp">>, <<"A3158C486C9B86A7090C361D876DB622381F4312EDE8C125D7A52AD390387932">>},
 {<<"yconf">>, <<"F2B38DB613FA826966E8D22BDC3E3EBAE46919F2A27AB149A5A086C1D99D3BBD">>}]},
{pkg_hash_ext,[
 {<<"base64url">>, <<"F9B3ADD4731A02A9B0410398B475B33E7566A695365237A6BDEE1BB447719F5C">>},
 {<<"cache_tab">>, <<"4258009EB050B22AABE0C848E230BBA58401A6895C58C2FF74DFB635E3C35900">>},
 {<<"eimp">>, <<"D96D4E8572B9DFC40F271E47F0CB1D8849373BC98A21223268781765ED52044C">>},
 {<<"epam">>, <<"2F3449E72885A72A6C2A843F561ADD0FC2F70D7A21F61456930A547473D4D989">>},
 {<<"eredis">>, <<"7C2B54C566FED55FEEF3341CA79B0100A6348FD3F162184B7ED5118D258C3CC1">>},
 {<<"esip">>, <<"E0F4204A5EDE0FA7D00DA3CC42F6440AA362BAC7FAF536F71EA29FA3F0FA7C75">>},
 {<<"ezlib">>, <<"DD14BA6C12521AF5CFE6923E73E3D545F4A0897DC66BFAB5287FBB7AE3962EAB">>},
 {<<"fast_tls">>, <<"FFF88ADA39FAD10464567A160643F4529EF4AED49D156919F5D1F415B6CDBBB6">>},
 {<<"fast_xml">>, <<"EEC34E90ADACAFE467D5DDAB635A014DED73B98B4061554B2D1972173D929C39">>},
 {<<"fast_yaml">>, <<"24C7B9AB9E2B9269D64E45F4A2A1280966ADB17D31E63365CFD3EE277FB0A78D">>},
 {<<"idna">>, <<"92376EB7894412ED19AC475E4A86F7B413C1B9FBB5BD16DCCD57934157944CEA">>},
 {<<"jiffy">>, <<"BB61BC42A720BBD33CB09A410E48BB79A61012C74CB8B3E75F26D988485CF381">>},
 {<<"jose">>, <<"0D6CD36FF8BA174DB29148FC112B5842186B68A90CE9FC2B3EC3AFE76593E614">>},
 {<<"luerl">>, <<"1B4B9D0CA5D7D280D1D2787A6A5EE9F5A212641B62BFF91556BAA53805DF3AED">>},
 {<<"mqtree">>, <<"C81065715C49A1882812F80A5AE2D842E80DD3F2D130530DF35990248BF8CE3C">>},
 {<<"p1_acme">>, <<"AA64B6A8856B1A229A128BEA27631DE2E1A2219835E3A833FA11137143A8D773">>},
 {<<"p1_mysql">>, <<"EA138083F2C54719B9CF549DBF5802A288B0019EA3E5449B354C74CC03FAFDEC">>},
 {<<"p1_oauth2">>, <<"1FD3AC474E43722D9D5A87C6DF8D36F698ED87AF7BB81CBBB66361451D99AE8F">>},
 {<<"p1_pgsql">>, <<"CB0E32E086C9C35D0E3E966E3863D832737C7B4D2B5F147316A465C0B243EA7F">>},
 {<<"p1_utils">>, <<"C49BD44BC4A40AD996691AF826DD7E0AA56D4D0CD730817190A1F84D1A7F0033">>},
 {<<"pkix">>, <<"E02164F83094CB124C41B1AB28988A615D54B9ADC38575F00F19A597A3AC5D0E">>},
 {<<"sqlite3">>, <<"3C0BA4E13322C2AD49DE4E2DDD28311366ADDE54BEAE8DBA9D9E3888F69D2857">>},
 {<<"stringprep">>, <<"96F8B30BC50887F605B33B46BCA1D248C19A879319B8C482790E3B4DA5DA98C0">>},
 {<<"stun">>, <<"79E49F826A4F7D522C939AB633D935C79D7D6B229E4CB7E05F62F33B50177414">>},
 {<<"unicode_util_compat">>, <<"B3A917854CE3AE233619744AD1E0102E05673136776FB2FA76234F3E03B23642">>},
 {<<"xmpp">>, <<"34A191D6A3B74E8F0A42346F859E2CAB5B3A2AE7E5C28F392E5CB56612E7CE85">>},
 {<<"yconf">>, <<"F2B3D730756FC2E4AFD1C0B0AB6EFB99F0E448952D25DC15ED75AC1635BF8882">>}]}
].
